
Microsoft Visual Studio Solution File, Format Version 12.00
# Visual Studio 15
VisualStudioVersion = 15.0.27703.2042
MinimumVisualStudioVersion = 10.0.40219.1
Project("{FAE04EC0-301F-11D3-BF4B-00C04F79EFBC}") = "OrderManagementSystem", "OrderManagementSystem\OrderManagementSystem.csproj", "{BC76981E-2A83-4A33-A209-84DAF4EFA94E}"
EndProject
Global
	GlobalSection(SolutionConfigurationPlatforms) = preSolution
		Debug|Any CPU = Debug|Any CPU
		Release|Any CPU = Release|Any CPU
	EndGlobalSection
	GlobalSection(ProjectConfigurationPlatforms) = postSolution
		{BC76981E-2A83-4A33-A209-84DAF4EFA94E}.Debug|Any CPU.ActiveCfg = Debug|Any CPU
		{BC76981E-2A83-4A33-A209-84DAF4EFA94E}.Debug|Any CPU.Build.0 = Debug|Any CPU
		{BC76981E-2A83-4A33-A209-84DAF4EFA94E}.Release|Any CPU.ActiveCfg = Release|Any CPU
		{BC76981E-2A83-4A33-A209-84DAF4EFA94E}.Release|Any CPU.Build.0 = Release|Any CPU
	EndGlobalSection
	GlobalSection(SolutionProperties) = preSolution
		HideSolutionNode = FALSE
	EndGlobalSection
	GlobalSection(ExtensibilityGlobals) = postSolution
		SolutionGuid = {823E40BB-24F3-4D5D-B3C7-CE692A1DA3FD}
	EndGlobalSection
EndGlobal
